{
  "requires": true,
  "lockfileVersion": 1,
  "dependencies": {
    "@sentry/core": {
      "version": "5.27.1",
      "resolved": "https://registry.npmjs.org/@sentry/core/-/core-5.27.1.tgz",
      "integrity": "sha512-n5CxzMbOAT6HZK4U4cOUAAikkRnnHhMNhInrjfZh7BoiuX1k63Hru2H5xk5WDuEaTTr5RaBA/fqPl7wxHySlwQ==",
      "requires": {
        "@sentry/hub": "5.27.1",
        "@sentry/minimal": "5.27.1",
        "@sentry/types": "5.27.1",
        "@sentry/utils": "5.27.1",
        "tslib": "^1.9.3"
      }
    },
    "@sentry/hub": {
      "version": "5.27.1",
      "resolved": "https://registry.npmjs.org/@sentry/hub/-/hub-5.27.1.tgz",
      "integrity": "sha512-RBHo3T92s6s4Ian1pZcPlmNtFqB+HAP6xitU+ZNA48bYUK+R1vvqEcI8Xs83FyNaRGCgclp9erDFQYyAuxY4vw==",
      "requires": {
        "@sentry/types": "5.27.1",
        "@sentry/utils": "5.27.1",
        "tslib": "^1.9.3"
      }
    },
    "@sentry/minimal": {
      "version": "5.27.1",
      "resolved": "https://registry.npmjs.org/@sentry/minimal/-/minimal-5.27.1.tgz",
      "integrity": "sha512-MHXCeJdA1NAvaJuippcM8nrWScul8iTN0Q5nnFkGctGIGmmiZHTXAYkObqJk7H3AK+CP7r1jqN2aQj5Nd9CtyA==",
      "requires": {
        "@sentry/hub": "5.27.1",
        "@sentry/types": "5.27.1",
        "tslib": "^1.9.3"
      }
    },
    "@sentry/node": {
      "version": "5.27.1",
      "resolved": "https://registry.npmjs.org/@sentry/node/-/node-5.27.1.tgz",
      "integrity": "sha512-OJCpUK6bbWlDCqiTZVP4ybQQDSly2EafbvvO7hoQ5ktr87WkRCgLpTNI7Doa5ANGuLNnVUvRNIsIH1DJqLZLNg==",
      "requires": {
        "@sentry/core": "5.27.1",
        "@sentry/hub": "5.27.1",
        "@sentry/tracing": "5.27.1",
        "@sentry/types": "5.27.1",
        "@sentry/utils": "5.27.1",
        "cookie": "^0.4.1",
        "https-proxy-agent": "^5.0.0",
        "lru_map": "^0.3.3",
        "tslib": "^1.9.3"
      }
    },
    "@sentry/serverless": {
      "version": "5.27.1",
      "resolved": "https://registry.npmjs.org/@sentry/serverless/-/serverless-5.27.1.tgz",
      "integrity": "sha512-paViPP+BmPNQP288NSnlUcuI21+IubOvZQVPLkJvpjJAKO7+yRIdpVvb53CDs06guCnJx56wJDDTJ/q3v3o5Vw==",
      "requires": {
        "@sentry/minimal": "5.27.1",
        "@sentry/node": "5.27.1",
        "@sentry/types": "5.27.1",
        "@sentry/utils": "5.27.1",
        "tslib": "^1.9.3"
      }
    },
    "@sentry/tracing": {
      "version": "5.27.1",
      "resolved": "https://registry.npmjs.org/@sentry/tracing/-/tracing-5.27.1.tgz",
      "integrity": "sha512-GBmdR8Ky/nv4KOa6+DEnOSBkFOFhM+asR8Y/gw2qSUWCwzKuWHh9BEnDwxtSI8CMvgUwOIZ5wiiqJGc1unYfCw==",
      "requires": {
        "@sentry/hub": "5.27.1",
        "@sentry/minimal": "5.27.1",
        "@sentry/types": "5.27.1",
        "@sentry/utils": "5.27.1",
        "tslib": "^1.9.3"
      }
    },
    "@sentry/types": {
      "version": "5.27.1",
      "resolved": "https://registry.npmjs.org/@sentry/types/-/types-5.27.1.tgz",
      "integrity": "sha512-g1aX0V0fz5BTo0mjgSVY9XmPLGZ6p+8OEzq3ubKzDUf59VHl+Vt8viZ8VXw/vsNtfAjBHn7BzSuzJo7cXJJBtA=="
    },
    "@sentry/utils": {
      "version": "5.27.1",
      "resolved": "https://registry.npmjs.org/@sentry/utils/-/utils-5.27.1.tgz",
      "integrity": "sha512-VIzK8utuvFO9EogZcKJPgmLnlJtYbaPQ0jCw7od9HRw1ckrSBc84sA0uuuY6pB6KSM+7k6EjJ5IdIBaCz5ep/A==",
      "requires": {
        "@sentry/types": "5.27.1",
        "tslib": "^1.9.3"
      }
    },
    "agent-base": {
      "version": "6.0.1",
      "resolved": "https://registry.npmjs.org/agent-base/-/agent-base-6.0.1.tgz",
      "integrity": "sha512-01q25QQDwLSsyfhrKbn8yuur+JNw0H+0Y4JiGIKd3z9aYk/w/2kxD/Upc+t2ZBBSUNff50VjPsSW2YxM8QYKVg==",
      "requires": {
        "debug": "4"
      }
    },
    "cookie": {
      "version": "0.4.1",
      "resolved": "https://registry.npmjs.org/cookie/-/cookie-0.4.1.tgz",
      "integrity": "sha512-ZwrFkGJxUR3EIoXtO+yVE69Eb7KlixbaeAWfBQB9vVsNn/o+Yw69gBWSSDK825hQNdN+wF8zELf3dFNl/kxkUA=="
    },
    "debug": {
      "version": "4.2.0",
      "resolved": "https://registry.npmjs.org/debug/-/debug-4.2.0.tgz",
      "integrity": "sha512-IX2ncY78vDTjZMFUdmsvIRFY2Cf4FnD0wRs+nQwJU8Lu99/tPFdb0VybiiMTPe3I6rQmwsqQqRBvxU+bZ/I8sg==",
      "requires": {
        "ms": "2.1.2"
      }
    },
    "expo-server-sdk": {
      "version": "3.3.0",
      "resolved": "https://registry.npmjs.org/expo-server-sdk/-/expo-server-sdk-3.3.0.tgz",
      "integrity": "sha512-7MC2doGrJgrXbgvFmnSiXzvHCawbvDiuPXQTboJ4vSwX3wrXrHlN7rJ39CVqJc55uzlCEAy5XqgsHSOqkpBJVw==",
      "requires": {
        "node-fetch": "^2.3.0",
        "promise-limit": "^2.7.0"
      }
    },
    "https-proxy-agent": {
      "version": "5.0.0",
      "resolved": "https://registry.npmjs.org/https-proxy-agent/-/https-proxy-agent-5.0.0.tgz",
      "integrity": "sha512-EkYm5BcKUGiduxzSt3Eppko+PiNWNEpa4ySk9vTC6wDsQJW9rHSa+UhGNJoRYp7bz6Ht1eaRIa6QaJqO5rCFbA==",
      "requires": {
        "agent-base": "6",
        "debug": "4"
      }
    },
    "lru_map": {
      "version": "0.3.3",
      "resolved": "https://registry.npmjs.org/lru_map/-/lru_map-0.3.3.tgz",
      "integrity": "sha1-tcg1G5Rky9dQM1p5ZQoOwOVhGN0="
    },
    "ms": {
      "version": "2.1.2",
      "resolved": "https://registry.npmjs.org/ms/-/ms-2.1.2.tgz",
      "integrity": "sha512-sGkPx+VjMtmA6MX27oA4FBFELFCZZ4S4XqeGOXCv68tT+jb3vk/RyaKWP0PTKyWtmLSM0b+adUTEvbs1PEaH2w=="
    },
    "node-fetch": {
      "version": "2.6.1",
      "resolved": "https://registry.npmjs.org/node-fetch/-/node-fetch-2.6.1.tgz",
      "integrity": "sha512-V4aYg89jEoVRxRb2fJdAg8FHvI7cEyYdVAh94HH0UIK8oJxUfkjlDQN9RbMx+bEjP7+ggMiFRprSti032Oipxw=="
    },
    "promise-limit": {
      "version": "2.7.0",
      "resolved": "https://registry.npmjs.org/promise-limit/-/promise-limit-2.7.0.tgz",
      "integrity": "sha512-7nJ6v5lnJsXwGprnGXga4wx6d1POjvi5Qmf1ivTRxTjH4Z/9Czja/UCMLVmB9N93GeWOU93XaFaEt6jbuoagNw=="
    },
    "tslib": {
      "version": "1.14.1",
      "resolved": "https://registry.npmjs.org/tslib/-/tslib-1.14.1.tgz",
      "integrity": "sha512-Xni35NKzjgMrwevysHTCArtLDpPvye8zV/0E4EyYn43P7/7qvQwPh9BGkHewbMulVntbigmcT7rdX3BNo9wRJg=="
    }
  }
}
